
Microsoft Visual Studio Solution File, Format Version 12.00
# Visual Studio Version 17
VisualStudioVersion = 17.1.32414.318
MinimumVisualStudioVersion = 10.0.40219.1
Project("{9A19103F-16F7-4668-BE54-9A1E7A4F7556}") = "CESMII.Marketplace.API", "api\CESMII.Marketplace.API\CESMII.Marketplace.API.csproj", "{0590CD8B-3AE1-48FE-A120-A564B5ECD30A}"
EndProject
Project("{9A19103F-16F7-4668-BE54-9A1E7A4F7556}") = "CESMII.Marketplace.Api.Shared", "api\CESMII.Marketplace.Api.Shared\CESMII.Marketplace.Api.Shared.csproj", "{4A76305F-A039-497C-B347-C718793E144B}"
EndProject
Project("{9A19103F-16F7-4668-BE54-9A1E7A4F7556}") = "CESMII.Marketplace.Common", "api\CESMII.Marketplace.Common\CESMII.Marketplace.Common.csproj", "{0E32D2AC-1F08-4D91-806A-B4D383D6D528}"
EndProject
Project("{9A19103F-16F7-4668-BE54-9A1E7A4F7556}") = "CESMII.Marketplace.DAL", "api\CESMII.Marketplace.DAL\CESMII.Marketplace.DAL.csproj", "{9CE0F804-5BCA-4FE6-A489-F959FE221EED}"
EndProject
Project("{9A19103F-16F7-4668-BE54-9A1E7A4F7556}") = "CESMII.Marketplace.Data", "api\CESMII.Marketplace.Data\CESMII.Marketplace.Data.csproj", "{71ECE5E2-70AE-4F53-9784-C7A8F5B1EFBF}"
EndProject
Project("{9A19103F-16F7-4668-BE54-9A1E7A4F7556}") = "CESMII.Marketplace.JobManager", "api\CESMII.Marketplace.JobManager\CESMII.Marketplace.JobManager.csproj", "{F334A962-F4FA-4B3F-B7D1-B5F51D47BD23}"
EndProject
Project("{54A90642-561A-4BB1-A94E-469ADEE60C69}") = "frontend", "frontend\frontend.esproj", "{227450B5-5A5B-40B8-9246-5114B1B2C8F6}"
EndProject
Project("{2150E333-8FDC-42A3-9474-1A3956D46DE8}") = "Readme", "Readme", "{9B364B4C-96E5-4822-A16A-9C2BAAC22E1F}"
	ProjectSection(SolutionItems) = preProject
		.gitignore = .gitignore
		.github\workflows\backend-publish-azure.yml = .github\workflows\backend-publish-azure.yml
		.github\workflows\backend-publish-stage-azure.yml = .github\workflows\backend-publish-stage-azure.yml
		.github\workflows\frontend--publish-azure.yml = .github\workflows\frontend--publish-azure.yml
		.github\workflows\frontend--publish-stage-azure.yml = .github\workflows\frontend--publish-stage-azure.yml
		README.md = README.md
		.github\workflows\tests.yml = .github\workflows\tests.yml
	EndProjectSection
EndProject
Project("{9A19103F-16F7-4668-BE54-9A1E7A4F7556}") = "CESMII.Common.CloudLibClient", "common\CESMII.Common.CloudLibClient\CESMII.Common.CloudLibClient.csproj", "{E7D7D56F-C9E4-4F52-AA69-1E48D071748D}"
EndProject
Project("{9A19103F-16F7-4668-BE54-9A1E7A4F7556}") = "Opc.Ua.Cloud.Library.Client", "common\Opc.Ua.Cloud.Library.Client\Opc.Ua.Cloud.Library.Client.csproj", "{15AE09A4-20FB-4BAC-8479-7C5B88207B19}"
EndProject
Project("{9A19103F-16F7-4668-BE54-9A1E7A4F7556}") = "CESMII.Common.SelfServiceSignUp", "common\CESMII.Common.SelfServiceSignUp\CESMII.Common.SelfServiceSignUp.csproj", "{A9880748-C4D5-4504-89A2-CA54ACAF0E7B}"
EndProject
Project("{9A19103F-16F7-4668-BE54-9A1E7A4F7556}") = "NLog.Mongo", "api\NLog.Mongo\NLog.Mongo.csproj", "{533A271F-8D53-42A5-84B3-C8623553E93A}"
EndProject
Project("{2150E333-8FDC-42A3-9474-1A3956D46DE8}") = "Tests", "Tests", "{CDBCED6A-2084-42FD-86D8-4DB12FFFA9F8}"
EndProject
Project("{9A19103F-16F7-4668-BE54-9A1E7A4F7556}") = "CESMII.Marketplace.InBrowser.Tests", "api\Tests\CESMII.Marketplace.InBrowser.Tests\CESMII.Marketplace.InBrowser.Tests.csproj", "{EC1BDF1B-FE93-4A2A-8955-C872E809C367}"
EndProject
Project("{9A19103F-16F7-4668-BE54-9A1E7A4F7556}") = "CESMII.Marketplace.RestApi", "api\Tests\CESMII.Marketplace.RestApi\CESMII.Marketplace.RestApi.csproj", "{D78ADC24-494C-437B-9B29-D8228E4F56D8}"
EndProject
Project("{9A19103F-16F7-4668-BE54-9A1E7A4F7556}") = "CESMII.Marketplace.MongoDB", "api\Tests\CESMII.Marketplace.MongoDB\CESMII.Marketplace.MongoDB.csproj", "{42FC393F-3918-465D-BB9C-ADDB92FC6E14}"
EndProject
Project("{9A19103F-16F7-4668-BE54-9A1E7A4F7556}") = "CESMII.LogClient", "CESMII.LogClient\CESMII.LogClient.csproj", "{E28BCD85-3146-44D0-BC52-FDA806D26D7B}"
EndProject
Global
	GlobalSection(SolutionConfigurationPlatforms) = preSolution
		Debug|Any CPU = Debug|Any CPU
		Release|Any CPU = Release|Any CPU
		Staging|Any CPU = Staging|Any CPU
	EndGlobalSection
	GlobalSection(ProjectConfigurationPlatforms) = postSolution
		{0590CD8B-3AE1-48FE-A120-A564B5ECD30A}.Debug|Any CPU.ActiveCfg = Debug|Any CPU
		{0590CD8B-3AE1-48FE-A120-A564B5ECD30A}.Debug|Any CPU.Build.0 = Debug|Any CPU
		{0590CD8B-3AE1-48FE-A120-A564B5ECD30A}.Release|Any CPU.ActiveCfg = Release|Any CPU
		{0590CD8B-3AE1-48FE-A120-A564B5ECD30A}.Release|Any CPU.Build.0 = Release|Any CPU
		{0590CD8B-3AE1-48FE-A120-A564B5ECD30A}.Staging|Any CPU.ActiveCfg = Staging|Any CPU
		{0590CD8B-3AE1-48FE-A120-A564B5ECD30A}.Staging|Any CPU.Build.0 = Staging|Any CPU
		{4A76305F-A039-497C-B347-C718793E144B}.Debug|Any CPU.ActiveCfg = Debug|Any CPU
		{4A76305F-A039-497C-B347-C718793E144B}.Debug|Any CPU.Build.0 = Debug|Any CPU
		{4A76305F-A039-497C-B347-C718793E144B}.Release|Any CPU.ActiveCfg = Release|Any CPU
		{4A76305F-A039-497C-B347-C718793E144B}.Release|Any CPU.Build.0 = Release|Any CPU
		{4A76305F-A039-497C-B347-C718793E144B}.Staging|Any CPU.ActiveCfg = Staging|Any CPU
		{4A76305F-A039-497C-B347-C718793E144B}.Staging|Any CPU.Build.0 = Staging|Any CPU
		{0E32D2AC-1F08-4D91-806A-B4D383D6D528}.Debug|Any CPU.ActiveCfg = Debug|Any CPU
		{0E32D2AC-1F08-4D91-806A-B4D383D6D528}.Debug|Any CPU.Build.0 = Debug|Any CPU
		{0E32D2AC-1F08-4D91-806A-B4D383D6D528}.Release|Any CPU.ActiveCfg = Release|Any CPU
		{0E32D2AC-1F08-4D91-806A-B4D383D6D528}.Release|Any CPU.Build.0 = Release|Any CPU
		{0E32D2AC-1F08-4D91-806A-B4D383D6D528}.Staging|Any CPU.ActiveCfg = Staging|Any CPU
		{0E32D2AC-1F08-4D91-806A-B4D383D6D528}.Staging|Any CPU.Build.0 = Staging|Any CPU
		{9CE0F804-5BCA-4FE6-A489-F959FE221EED}.Debug|Any CPU.ActiveCfg = Debug|Any CPU
		{9CE0F804-5BCA-4FE6-A489-F959FE221EED}.Debug|Any CPU.Build.0 = Debug|Any CPU
		{9CE0F804-5BCA-4FE6-A489-F959FE221EED}.Release|Any CPU.ActiveCfg = Release|Any CPU
		{9CE0F804-5BCA-4FE6-A489-F959FE221EED}.Release|Any CPU.Build.0 = Release|Any CPU
		{9CE0F804-5BCA-4FE6-A489-F959FE221EED}.Staging|Any CPU.ActiveCfg = Staging|Any CPU
		{9CE0F804-5BCA-4FE6-A489-F959FE221EED}.Staging|Any CPU.Build.0 = Staging|Any CPU
		{71ECE5E2-70AE-4F53-9784-C7A8F5B1EFBF}.Debug|Any CPU.ActiveCfg = Debug|Any CPU
		{71ECE5E2-70AE-4F53-9784-C7A8F5B1EFBF}.Debug|Any CPU.Build.0 = Debug|Any CPU
		{71ECE5E2-70AE-4F53-9784-C7A8F5B1EFBF}.Release|Any CPU.ActiveCfg = Release|Any CPU
		{71ECE5E2-70AE-4F53-9784-C7A8F5B1EFBF}.Release|Any CPU.Build.0 = Release|Any CPU
		{71ECE5E2-70AE-4F53-9784-C7A8F5B1EFBF}.Staging|Any CPU.ActiveCfg = Staging|Any CPU
		{71ECE5E2-70AE-4F53-9784-C7A8F5B1EFBF}.Staging|Any CPU.Build.0 = Staging|Any CPU
		{F334A962-F4FA-4B3F-B7D1-B5F51D47BD23}.Debug|Any CPU.ActiveCfg = Debug|Any CPU
		{F334A962-F4FA-4B3F-B7D1-B5F51D47BD23}.Debug|Any CPU.Build.0 = Debug|Any CPU
		{F334A962-F4FA-4B3F-B7D1-B5F51D47BD23}.Release|Any CPU.ActiveCfg = Release|Any CPU
		{F334A962-F4FA-4B3F-B7D1-B5F51D47BD23}.Release|Any CPU.Build.0 = Release|Any CPU
		{F334A962-F4FA-4B3F-B7D1-B5F51D47BD23}.Staging|Any CPU.ActiveCfg = Staging|Any CPU
		{F334A962-F4FA-4B3F-B7D1-B5F51D47BD23}.Staging|Any CPU.Build.0 = Staging|Any CPU
		{227450B5-5A5B-40B8-9246-5114B1B2C8F6}.Debug|Any CPU.ActiveCfg = Debug|Any CPU
		{227450B5-5A5B-40B8-9246-5114B1B2C8F6}.Debug|Any CPU.Build.0 = Debug|Any CPU
		{227450B5-5A5B-40B8-9246-5114B1B2C8F6}.Debug|Any CPU.Deploy.0 = Debug|Any CPU
		{227450B5-5A5B-40B8-9246-5114B1B2C8F6}.Release|Any CPU.ActiveCfg = Release|Any CPU
		{227450B5-5A5B-40B8-9246-5114B1B2C8F6}.Release|Any CPU.Build.0 = Release|Any CPU
		{227450B5-5A5B-40B8-9246-5114B1B2C8F6}.Release|Any CPU.Deploy.0 = Release|Any CPU
		{227450B5-5A5B-40B8-9246-5114B1B2C8F6}.Staging|Any CPU.ActiveCfg = Release|Any CPU
		{227450B5-5A5B-40B8-9246-5114B1B2C8F6}.Staging|Any CPU.Build.0 = Release|Any CPU
		{227450B5-5A5B-40B8-9246-5114B1B2C8F6}.Staging|Any CPU.Deploy.0 = Release|Any CPU
		{E7D7D56F-C9E4-4F52-AA69-1E48D071748D}.Debug|Any CPU.ActiveCfg = Debug|Any CPU
		{E7D7D56F-C9E4-4F52-AA69-1E48D071748D}.Debug|Any CPU.Build.0 = Debug|Any CPU
		{E7D7D56F-C9E4-4F52-AA69-1E48D071748D}.Release|Any CPU.ActiveCfg = Release|Any CPU
		{E7D7D56F-C9E4-4F52-AA69-1E48D071748D}.Release|Any CPU.Build.0 = Release|Any CPU
		{E7D7D56F-C9E4-4F52-AA69-1E48D071748D}.Staging|Any CPU.ActiveCfg = Debug|Any CPU
		{E7D7D56F-C9E4-4F52-AA69-1E48D071748D}.Staging|Any CPU.Build.0 = Debug|Any CPU
		{15AE09A4-20FB-4BAC-8479-7C5B88207B19}.Debug|Any CPU.ActiveCfg = Debug|Any CPU
		{15AE09A4-20FB-4BAC-8479-7C5B88207B19}.Debug|Any CPU.Build.0 = Debug|Any CPU
		{15AE09A4-20FB-4BAC-8479-7C5B88207B19}.Release|Any CPU.ActiveCfg = Release|Any CPU
		{15AE09A4-20FB-4BAC-8479-7C5B88207B19}.Release|Any CPU.Build.0 = Release|Any CPU
		{15AE09A4-20FB-4BAC-8479-7C5B88207B19}.Staging|Any CPU.ActiveCfg = Debug|Any CPU
		{15AE09A4-20FB-4BAC-8479-7C5B88207B19}.Staging|Any CPU.Build.0 = Debug|Any CPU
		{A9880748-C4D5-4504-89A2-CA54ACAF0E7B}.Debug|Any CPU.ActiveCfg = Debug|Any CPU
		{A9880748-C4D5-4504-89A2-CA54ACAF0E7B}.Debug|Any CPU.Build.0 = Debug|Any CPU
		{A9880748-C4D5-4504-89A2-CA54ACAF0E7B}.Release|Any CPU.ActiveCfg = Release|Any CPU
		{A9880748-C4D5-4504-89A2-CA54ACAF0E7B}.Release|Any CPU.Build.0 = Release|Any CPU
		{A9880748-C4D5-4504-89A2-CA54ACAF0E7B}.Staging|Any CPU.ActiveCfg = Debug|Any CPU
		{A9880748-C4D5-4504-89A2-CA54ACAF0E7B}.Staging|Any CPU.Build.0 = Debug|Any CPU
		{533A271F-8D53-42A5-84B3-C8623553E93A}.Debug|Any CPU.ActiveCfg = Debug|Any CPU
		{533A271F-8D53-42A5-84B3-C8623553E93A}.Debug|Any CPU.Build.0 = Debug|Any CPU
		{533A271F-8D53-42A5-84B3-C8623553E93A}.Release|Any CPU.ActiveCfg = Release|Any CPU
		{533A271F-8D53-42A5-84B3-C8623553E93A}.Release|Any CPU.Build.0 = Release|Any CPU
		{533A271F-8D53-42A5-84B3-C8623553E93A}.Staging|Any CPU.ActiveCfg = Debug|Any CPU
		{533A271F-8D53-42A5-84B3-C8623553E93A}.Staging|Any CPU.Build.0 = Debug|Any CPU
		{EC1BDF1B-FE93-4A2A-8955-C872E809C367}.Debug|Any CPU.ActiveCfg = Debug|Any CPU
		{EC1BDF1B-FE93-4A2A-8955-C872E809C367}.Debug|Any CPU.Build.0 = Debug|Any CPU
		{EC1BDF1B-FE93-4A2A-8955-C872E809C367}.Release|Any CPU.ActiveCfg = Release|Any CPU
		{EC1BDF1B-FE93-4A2A-8955-C872E809C367}.Release|Any CPU.Build.0 = Release|Any CPU
		{EC1BDF1B-FE93-4A2A-8955-C872E809C367}.Staging|Any CPU.ActiveCfg = Debug|Any CPU
		{EC1BDF1B-FE93-4A2A-8955-C872E809C367}.Staging|Any CPU.Build.0 = Debug|Any CPU
		{D78ADC24-494C-437B-9B29-D8228E4F56D8}.Debug|Any CPU.ActiveCfg = Debug|Any CPU
		{D78ADC24-494C-437B-9B29-D8228E4F56D8}.Debug|Any CPU.Build.0 = Debug|Any CPU
		{D78ADC24-494C-437B-9B29-D8228E4F56D8}.Release|Any CPU.ActiveCfg = Release|Any CPU
		{D78ADC24-494C-437B-9B29-D8228E4F56D8}.Release|Any CPU.Build.0 = Release|Any CPU
		{D78ADC24-494C-437B-9B29-D8228E4F56D8}.Staging|Any CPU.ActiveCfg = Debug|Any CPU
		{D78ADC24-494C-437B-9B29-D8228E4F56D8}.Staging|Any CPU.Build.0 = Debug|Any CPU
		{42FC393F-3918-465D-BB9C-ADDB92FC6E14}.Debug|Any CPU.ActiveCfg = Debug|Any CPU
		{42FC393F-3918-465D-BB9C-ADDB92FC6E14}.Debug|Any CPU.Build.0 = Debug|Any CPU
		{42FC393F-3918-465D-BB9C-ADDB92FC6E14}.Release|Any CPU.ActiveCfg = Release|Any CPU
		{42FC393F-3918-465D-BB9C-ADDB92FC6E14}.Release|Any CPU.Build.0 = Release|Any CPU
		{42FC393F-3918-465D-BB9C-ADDB92FC6E14}.Staging|Any CPU.ActiveCfg = Debug|Any CPU
		{42FC393F-3918-465D-BB9C-ADDB92FC6E14}.Staging|Any CPU.Build.0 = Debug|Any CPU
		{E28BCD85-3146-44D0-BC52-FDA806D26D7B}.Debug|Any CPU.ActiveCfg = Debug|Any CPU
		{E28BCD85-3146-44D0-BC52-FDA806D26D7B}.Debug|Any CPU.Build.0 = Debug|Any CPU
		{E28BCD85-3146-44D0-BC52-FDA806D26D7B}.Release|Any CPU.ActiveCfg = Release|Any CPU
		{E28BCD85-3146-44D0-BC52-FDA806D26D7B}.Release|Any CPU.Build.0 = Release|Any CPU
		{E28BCD85-3146-44D0-BC52-FDA806D26D7B}.Staging|Any CPU.ActiveCfg = Debug|Any CPU
		{E28BCD85-3146-44D0-BC52-FDA806D26D7B}.Staging|Any CPU.Build.0 = Debug|Any CPU
	EndGlobalSection
	GlobalSection(SolutionProperties) = preSolution
		HideSolutionNode = FALSE
	EndGlobalSection
	GlobalSection(NestedProjects) = preSolution
		{EC1BDF1B-FE93-4A2A-8955-C872E809C367} = {CDBCED6A-2084-42FD-86D8-4DB12FFFA9F8}
		{D78ADC24-494C-437B-9B29-D8228E4F56D8} = {CDBCED6A-2084-42FD-86D8-4DB12FFFA9F8}
		{42FC393F-3918-465D-BB9C-ADDB92FC6E14} = {CDBCED6A-2084-42FD-86D8-4DB12FFFA9F8}
	EndGlobalSection
	GlobalSection(ExtensibilityGlobals) = postSolution
		SolutionGuid = {DE4E0FBF-6B7D-4479-9902-C42E2F6A879A}
	EndGlobalSection
EndGlobal
